// !$*UTF8*$!
{
	archiveVersion = 1;
	classes = {
	};
	objectVersion = 51;
	objects = {

/* Begin PBXBuildFile section */
		3C4271F2A03C9CAC317BF1BB /* Pods_DragonflyFMTests.framework in Frameworks */ = {isa = PBXBuildFile; fileRef = B38067F62176893F18B264AE /* Pods_DragonflyFMTests.framework */; };
		4ED78D17AF93239F9FA22059 /* Pods_DragonflyFM.framework in Frameworks */ = {isa = PBXBuildFile; fileRef = C3905C43410E6AD23A0EA656 /* Pods_DragonflyFM.framework */; };
		BA4E1A78237CD4E800DB51B7 /* VMCategories.swift in Sources */ = {isa = PBXBuildFile; fileRef = BA4E1A77237CD4E800DB51B7 /* VMCategories.swift */; };
		BA4E1A7A237CD60A00DB51B7 /* VMChannels.swift in Sources */ = {isa = PBXBuildFile; fileRef = BA4E1A79237CD60A00DB51B7 /* VMChannels.swift */; };
		BA4E1A7C237CD84300DB51B7 /* VMRegion.swift in Sources */ = {isa = PBXBuildFile; fileRef = BA4E1A7B237CD84300DB51B7 /* VMRegion.swift */; };
		BA4E1A7E237CD8B200DB51B7 /* VMRegions.swift in Sources */ = {isa = PBXBuildFile; fileRef = BA4E1A7D237CD8B200DB51B7 /* VMRegions.swift */; };
		BA4E1A80237CD99600DB51B7 /* RegionJson.swift in Sources */ = {isa = PBXBuildFile; fileRef = BA4E1A7F237CD99600DB51B7 /* RegionJson.swift */; };
		BA4E1A82237CDC1000DB51B7 /* RegionsJson.swift in Sources */ = {isa = PBXBuildFile; fileRef = BA4E1A81237CDC1000DB51B7 /* RegionsJson.swift */; };
		BA4E1A84237CDCED00DB51B7 /* CategoriesJson.swift in Sources */ = {isa = PBXBuildFile; fileRef = BA4E1A83237CDCED00DB51B7 /* CategoriesJson.swift */; };
		BA4E1A86237CDE5B00DB51B7 /* ChannelsJson.swift in Sources */ = {isa = PBXBuildFile; fileRef = BA4E1A85237CDE5B00DB51B7 /* ChannelsJson.swift */; };
		BA4E1A88237CF54100DB51B7 /* ChannelsController.swift in Sources */ = {isa = PBXBuildFile; fileRef = BA4E1A87237CF54100DB51B7 /* ChannelsController.swift */; };
		BA4E1A8A237CF5C300DB51B7 /* ChannelsCell.swift in Sources */ = {isa = PBXBuildFile; fileRef = BA4E1A89237CF5C300DB51B7 /* ChannelsCell.swift */; };
		BA4E1A8C237CFF3A00DB51B7 /* HeaderReusableView.swift in Sources */ = {isa = PBXBuildFile; fileRef = BA4E1A8B237CFF3A00DB51B7 /* HeaderReusableView.swift */; };
		BA4E1A8F237D01F400DB51B7 /* AlertExtenslons.swift in Sources */ = {isa = PBXBuildFile; fileRef = BA4E1A8D237D01F400DB51B7 /* AlertExtenslons.swift */; };
		BA4E1A90237D01F400DB51B7 /* DateExtensions.swift in Sources */ = {isa = PBXBuildFile; fileRef = BA4E1A8E237D01F400DB51B7 /* DateExtensions.swift */; };
		BA4E1A94237D036500DB51B7 /* EmptyViewDelegate.swift in Sources */ = {isa = PBXBuildFile; fileRef = BA4E1A91237D036500DB51B7 /* EmptyViewDelegate.swift */; };
		BA4E1A95237D036500DB51B7 /* ScrollViewExtension.swift in Sources */ = {isa = PBXBuildFile; fileRef = BA4E1A92237D036500DB51B7 /* ScrollViewExtension.swift */; };
		BA4E1A96237D036500DB51B7 /* FuncTools.swift in Sources */ = {isa = PBXBuildFile; fileRef = BA4E1A93237D036500DB51B7 /* FuncTools.swift */; };
		BA4E1A98237D055B00DB51B7 /* ChannelsFactory.swift in Sources */ = {isa = PBXBuildFile; fileRef = BA4E1A97237D055B00DB51B7 /* ChannelsFactory.swift */; };
		BA501F64237A8D6100881337 /* DataError.swift in Sources */ = {isa = PBXBuildFile; fileRef = BA501F61237A8D6100881337 /* DataError.swift */; };
		BA501F65237A8D6100881337 /* Repositry.swift in Sources */ = {isa = PBXBuildFile; fileRef = BA501F62237A8D6100881337 /* Repositry.swift */; };
		BA501F66237A8D6100881337 /* DataViewModilDelegate.swift in Sources */ = {isa = PBXBuildFile; fileRef = BA501F63237A8D6100881337 /* DataViewModilDelegate.swift */; };
		BA6AF7B2237E27C500775290 /* ChennelsConverter.swift in Sources */ = {isa = PBXBuildFile; fileRef = BA6AF7B1237E27C500775290 /* ChennelsConverter.swift */; };
		BA6AF7BC237E343300775290 /* RegionsConverter.swift in Sources */ = {isa = PBXBuildFile; fileRef = BA6AF7BB237E343300775290 /* RegionsConverter.swift */; };
		BA6AF7BF237E35C800775290 /* ActionViewDelegates.swift in Sources */ = {isa = PBXBuildFile; fileRef = BA6AF7BD237E35C800775290 /* ActionViewDelegates.swift */; };
		BA6AF7C0237E35C800775290 /* ActionTablePicker.swift in Sources */ = {isa = PBXBuildFile; fileRef = BA6AF7BE237E35C800775290 /* ActionTablePicker.swift */; };
		BAB84880237913F0009CFBC3 /* AppDelegate.swift in Sources */ = {isa = PBXBuildFile; fileRef = BAB8487F237913F0009CFBC3 /* AppDelegate.swift */; };
		BAB84885237913F0009CFBC3 /* Main.storyboard in Resources */ = {isa = PBXBuildFile; fileRef = BAB84883237913F0009CFBC3 /* Main.storyboard */; };
		BAB84888237913F0009CFBC3 /* DragonflyFM.xcdatamodeld in Sources */ = {isa = PBXBuildFile; fileRef = BAB84886237913F0009CFBC3 /* DragonflyFM.xcdatamodeld */; };
		BAB8488A237913F0009CFBC3 /* Assets.xcassets in Resources */ = {isa = PBXBuildFile; fileRef = BAB84889237913F0009CFBC3 /* Assets.xcassets */; };
		BAB8488D237913F0009CFBC3 /* LaunchScreen.storyboard in Resources */ = {isa = PBXBuildFile; fileRef = BAB8488B237913F0009CFBC3 /* LaunchScreen.storyboard */; };
		BAB84898237913F0009CFBC3 /* DragonflyFMTests.swift in Sources */ = {isa = PBXBuildFile; fileRef = BAB84897237913F0009CFBC3 /* DragonflyFMTests.swift */; };
		BAB848AA23791667009CFBC3 /* JSONConverter.swift in Sources */ = {isa = PBXBuildFile; fileRef = BAB848A823791667009CFBC3 /* JSONConverter.swift */; };
		BAB848AB23791667009CFBC3 /* JSONable.swift in Sources */ = {isa = PBXBuildFile; fileRef = BAB848A923791667009CFBC3 /* JSONable.swift */; };
/* End PBXBuildFile section */

/* Begin PBXContainerItemProxy section */
		BAB84894237913F0009CFBC3 /* PBXContainerItemProxy */ = {
			isa = PBXContainerItemProxy;
			containerPortal = BAB84874237913F0009CFBC3 /* Project object */;
			proxyType = 1;
			remoteGlobalIDString = BAB8487B237913F0009CFBC3;
			remoteInfo = DragonflyFM;
		};
/* End PBXContainerItemProxy section */

/* Begin PBXFileReference section */
		22EADB6334AC8A9B6296961C /* Pods-DragonflyFM.release.xcconfig */ = {isa = PBXFileReference; includeInIndex = 1; lastKnownFileType = text.xcconfig; name = "Pods-DragonflyFM.release.xcconfig"; path = "Target Support Files/Pods-DragonflyFM/Pods-DragonflyFM.release.xcconfig"; sourceTree = "<group>"; };
		3C5F6C4F548057EEB5AE4AC6 /* Pods-DragonflyFM.debug.xcconfig */ = {isa = PBXFileReference; includeInIndex = 1; lastKnownFileType = text.xcconfig; name = "Pods-DragonflyFM.debug.xcconfig"; path = "Target Support Files/Pods-DragonflyFM/Pods-DragonflyFM.debug.xcconfig"; sourceTree = "<group>"; };
		9CADBA76C6CF0D35D55A169C /* Pods-DragonflyFMTests.debug.xcconfig */ = {isa = PBXFileReference; includeInIndex = 1; lastKnownFileType = text.xcconfig; name = "Pods-DragonflyFMTests.debug.xcconfig"; path = "Target Support Files/Pods-DragonflyFMTests/Pods-DragonflyFMTests.debug.xcconfig"; sourceTree = "<group>"; };
		B365B24153926C657C8432FD /* Pods-DragonflyFMTests.release.xcconfig */ = {isa = PBXFileReference; includeInIndex = 1; lastKnownFileType = text.xcconfig; name = "Pods-DragonflyFMTests.release.xcconfig"; path = "Target Support Files/Pods-DragonflyFMTests/Pods-DragonflyFMTests.release.xcconfig"; sourceTree = "<group>"; };
		B38067F62176893F18B264AE /* Pods_DragonflyFMTests.framework */ = {isa = PBXFileReference; explicitFileType = wrapper.framework; includeInIndex = 0; path = Pods_DragonflyFMTests.framework; sourceTree = BUILT_PRODUCTS_DIR; };
		BA4E1A67237CD48C00DB51B7 /* Categories+CoreDataClass.swift */ = {isa = PBXFileReference; lastKnownFileType = sourcecode.swift; path = "Categories+CoreDataClass.swift"; sourceTree = "<group>"; };
		BA4E1A68237CD48C00DB51B7 /* Categories+CoreDataProperties.swift */ = {isa = PBXFileReference; lastKnownFileType = sourcecode.swift; path = "Categories+CoreDataProperties.swift"; sourceTree = "<group>"; };
		BA4E1A6B237CD48C00DB51B7 /* Region+CoreDataClass.swift */ = {isa = PBXFileReference; lastKnownFileType = sourcecode.swift; path = "Region+CoreDataClass.swift"; sourceTree = "<group>"; };
		BA4E1A6C237CD48C00DB51B7 /* Region+CoreDataProperties.swift */ = {isa = PBXFileReference; lastKnownFileType = sourcecode.swift; path = "Region+CoreDataProperties.swift"; sourceTree = "<group>"; };
		BA4E1A6D237CD48C00DB51B7 /* Regions+CoreDataClass.swift */ = {isa = PBXFileReference; lastKnownFileType = sourcecode.swift; path = "Regions+CoreDataClass.swift"; sourceTree = "<group>"; };
		BA4E1A6E237CD48C00DB51B7 /* Regions+CoreDataProperties.swift */ = {isa = PBXFileReference; lastKnownFileType = sourcecode.swift; path = "Regions+CoreDataProperties.swift"; sourceTree = "<group>"; };
		BA4E1A77237CD4E800DB51B7 /* VMCategories.swift */ = {isa = PBXFileReference; lastKnownFileType = sourcecode.swift; path = VMCategories.swift; sourceTree = "<group>"; };
		BA4E1A79237CD60A00DB51B7 /* VMChannels.swift */ = {isa = PBXFileReference; lastKnownFileType = sourcecode.swift; path = VMChannels.swift; sourceTree = "<group>"; };
		BA4E1A7B237CD84300DB51B7 /* VMRegion.swift */ = {isa = PBXFileReference; lastKnownFileType = sourcecode.swift; path = VMRegion.swift; sourceTree = "<group>"; };
		BA4E1A7D237CD8B200DB51B7 /* VMRegions.swift */ = {isa = PBXFileReference; lastKnownFileType = sourcecode.swift; path = VMRegions.swift; sourceTree = "<group>"; };
		BA4E1A7F237CD99600DB51B7 /* RegionJson.swift */ = {isa = PBXFileReference; lastKnownFileType = sourcecode.swift; path = RegionJson.swift; sourceTree = "<group>"; };
		BA4E1A81237CDC1000DB51B7 /* RegionsJson.swift */ = {isa = PBXFileReference; lastKnownFileType = sourcecode.swift; path = RegionsJson.swift; sourceTree = "<group>"; };
		BA4E1A83237CDCED00DB51B7 /* CategoriesJson.swift */ = {isa = PBXFileReference; lastKnownFileType = sourcecode.swift; path = CategoriesJson.swift; sourceTree = "<group>"; };
		BA4E1A85237CDE5B00DB51B7 /* ChannelsJson.swift */ = {isa = PBXFileReference; lastKnownFileType = sourcecode.swift; path = ChannelsJson.swift; sourceTree = "<group>"; };
		BA4E1A87237CF54100DB51B7 /* ChannelsController.swift */ = {isa = PBXFileReference; lastKnownFileType = sourcecode.swift; path = ChannelsController.swift; sourceTree = "<group>"; };
		BA4E1A89237CF5C300DB51B7 /* ChannelsCell.swift */ = {isa = PBXFileReference; lastKnownFileType = sourcecode.swift; path = ChannelsCell.swift; sourceTree = "<group>"; };
		BA4E1A8B237CFF3A00DB51B7 /* HeaderReusableView.swift */ = {isa = PBXFileReference; lastKnownFileType = sourcecode.swift; path = HeaderReusableView.swift; sourceTree = "<group>"; };
		BA4E1A8D237D01F400DB51B7 /* AlertExtenslons.swift */ = {isa = PBXFileReference; fileEncoding = 4; lastKnownFileType = sourcecode.swift; path = AlertExtenslons.swift; sourceTree = "<group>"; };
		BA4E1A8E237D01F400DB51B7 /* DateExtensions.swift */ = {isa = PBXFileReference; fileEncoding = 4; lastKnownFileType = sourcecode.swift; path = DateExtensions.swift; sourceTree = "<group>"; };
		BA4E1A91237D036500DB51B7 /* EmptyViewDelegate.swift */ = {isa = PBXFileReference; fileEncoding = 4; lastKnownFileType = sourcecode.swift; path = EmptyViewDelegate.swift; sourceTree = "<group>"; };
		BA4E1A92237D036500DB51B7 /* ScrollViewExtension.swift */ = {isa = PBXFileReference; fileEncoding = 4; lastKnownFileType = sourcecode.swift; path = ScrollViewExtension.swift; sourceTree = "<group>"; };
		BA4E1A93237D036500DB51B7 /* FuncTools.swift */ = {isa = PBXFileReference; fileEncoding = 4; lastKnownFileType = sourcecode.swift; path = FuncTools.swift; sourceTree = "<group>"; };
		BA4E1A97237D055B00DB51B7 /* ChannelsFactory.swift */ = {isa = PBXFileReference; lastKnownFileType = sourcecode.swift; path = ChannelsFactory.swift; sourceTree = "<group>"; };
		BA501F61237A8D6100881337 /* DataError.swift */ = {isa = PBXFileReference; fileEncoding = 4; lastKnownFileType = sourcecode.swift; path = DataError.swift; sourceTree = "<group>"; };
		BA501F62237A8D6100881337 /* Repositry.swift */ = {isa = PBXFileReference; fileEncoding = 4; lastKnownFileType = sourcecode.swift; path = Repositry.swift; sourceTree = "<group>"; };
		BA501F63237A8D6100881337 /* DataViewModilDelegate.swift */ = {isa = PBXFileReference; fileEncoding = 4; lastKnownFileType = sourcecode.swift; path = DataViewModilDelegate.swift; sourceTree = "<group>"; };
		BA6AF7B1237E27C500775290 /* ChennelsConverter.swift */ = {isa = PBXFileReference; lastKnownFileType = sourcecode.swift; path = ChennelsConverter.swift; sourceTree = "<group>"; };
		BA6AF7B7237E303C00775290 /* Channels+CoreDataClass.swift */ = {isa = PBXFileReference; lastKnownFileType = sourcecode.swift; path = "Channels+CoreDataClass.swift"; sourceTree = "<group>"; };
		BA6AF7B8237E303C00775290 /* Channels+CoreDataProperties.swift */ = {isa = PBXFileReference; lastKnownFileType = sourcecode.swift; path = "Channels+CoreDataProperties.swift"; sourceTree = "<group>"; };
		BA6AF7BB237E343300775290 /* RegionsConverter.swift */ = {isa = PBXFileReference; lastKnownFileType = sourcecode.swift; path = RegionsConverter.swift; sourceTree = "<group>"; };
		BA6AF7BD237E35C800775290 /* ActionViewDelegates.swift */ = {isa = PBXFileReference; fileEncoding = 4; lastKnownFileType = sourcecode.swift; path = ActionViewDelegates.swift; sourceTree = "<group>"; };
		BA6AF7BE237E35C800775290 /* ActionTablePicker.swift */ = {isa = PBXFileReference; fileEncoding = 4; lastKnownFileType = sourcecode.swift; path = ActionTablePicker.swift; sourceTree = "<group>"; };
		BAB8487C237913F0009CFBC3 /* DragonflyFM.app */ = {isa = PBXFileReference; explicitFileType = wrapper.application; includeInIndex = 0; path = DragonflyFM.app; sourceTree = BUILT_PRODUCTS_DIR; };
		BAB8487F237913F0009CFBC3 /* AppDelegate.swift */ = {isa = PBXFileReference; lastKnownFileType = sourcecode.swift; path = AppDelegate.swift; sourceTree = "<group>"; };
		BAB84884237913F0009CFBC3 /* Base */ = {isa = PBXFileReference; lastKnownFileType = file.storyboard; name = Base; path = Base.lproj/Main.storyboard; sourceTree = "<group>"; };
		BAB84887237913F0009CFBC3 /* DragonflyFM.xcdatamodel */ = {isa = PBXFileReference; lastKnownFileType = wrapper.xcdatamodel; path = DragonflyFM.xcdatamodel; sourceTree = "<group>"; };
		BAB84889237913F0009CFBC3 /* Assets.xcassets */ = {isa = PBXFileReference; lastKnownFileType = folder.assetcatalog; path = Assets.xcassets; sourceTree = "<group>"; };
		BAB8488C237913F0009CFBC3 /* Base */ = {isa = PBXFileReference; lastKnownFileType = file.storyboard; name = Base; path = Base.lproj/LaunchScreen.storyboard; sourceTree = "<group>"; };
		BAB8488E237913F0009CFBC3 /* Info.plist */ = {isa = PBXFileReference; lastKnownFileType = text.plist.xml; path = Info.plist; sourceTree = "<group>"; };
		BAB84893237913F0009CFBC3 /* DragonflyFMTests.xctest */ = {isa = PBXFileReference; explicitFileType = wrapper.cfbundle; includeInIndex = 0; path = DragonflyFMTests.xctest; sourceTree = BUILT_PRODUCTS_DIR; };
		BAB84897237913F0009CFBC3 /* DragonflyFMTests.swift */ = {isa = PBXFileReference; lastKnownFileType = sourcecode.swift; path = DragonflyFMTests.swift; sourceTree = "<group>"; };
		BAB84899237913F0009CFBC3 /* Info.plist */ = {isa = PBXFileReference; lastKnownFileType = text.plist.xml; path = Info.plist; sourceTree = "<group>"; };
		BAB848A823791667009CFBC3 /* JSONConverter.swift */ = {isa = PBXFileReference; fileEncoding = 4; lastKnownFileType = sourcecode.swift; path = JSONConverter.swift; sourceTree = "<group>"; };
		BAB848A923791667009CFBC3 /* JSONable.swift */ = {isa = PBXFileReference; fileEncoding = 4; lastKnownFileType = sourcecode.swift; path = JSONable.swift; sourceTree = "<group>"; };
		C3905C43410E6AD23A0EA656 /* Pods_DragonflyFM.framework */ = {isa = PBXFileReference; explicitFileType = wrapper.framework; includeInIndex = 0; path = Pods_DragonflyFM.framework; sourceTree = BUILT_PRODUCTS_DIR; };
/* End PBXFileReference section */

/* Begin PBXFrameworksBuildPhase section */
		BAB84879237913F0009CFBC3 /* Frameworks */ = {
			isa = PBXFrameworksBuildPhase;
			buildActionMask = 2147483647;
			files = (
				4ED78D17AF93239F9FA22059 /* Pods_DragonflyFM.framework in Frameworks */,
			);
			runOnlyForDeploymentPostprocessing = 0;
		};
		BAB84890237913F0009CFBC3 /* Frameworks */ = {
			isa = PBXFrameworksBuildPhase;
			buildActionMask = 2147483647;
			files = (
				3C4271F2A03C9CAC317BF1BB /* Pods_DragonflyFMTests.framework in Frameworks */,
			);
			runOnlyForDeploymentPostprocessing = 0;
		};
/* End PBXFrameworksBuildPhase section */

/* Begin PBXGroup section */
		664D1D37A61976EEC9EAC7DA /* Pods */ = {
			isa = PBXGroup;
			children = (
				3C5F6C4F548057EEB5AE4AC6 /* Pods-DragonflyFM.debug.xcconfig */,
				22EADB6334AC8A9B6296961C /* Pods-DragonflyFM.release.xcconfig */,
				9CADBA76C6CF0D35D55A169C /* Pods-DragonflyFMTests.debug.xcconfig */,
				B365B24153926C657C8432FD /* Pods-DragonflyFMTests.release.xcconfig */,
			);
			path = Pods;
			sourceTree = "<group>";
		};
		BAB84873237913F0009CFBC3 = {
			isa = PBXGroup;
			children = (
				BA6AF7B7237E303C00775290 /* Channels+CoreDataClass.swift */,
				BA6AF7B8237E303C00775290 /* Channels+CoreDataProperties.swift */,
				BA4E1A67237CD48C00DB51B7 /* Categories+CoreDataClass.swift */,
				BA4E1A68237CD48C00DB51B7 /* Categories+CoreDataProperties.swift */,
				BA4E1A6B237CD48C00DB51B7 /* Region+CoreDataClass.swift */,
				BA4E1A6C237CD48C00DB51B7 /* Region+CoreDataProperties.swift */,
				BA4E1A6D237CD48C00DB51B7 /* Regions+CoreDataClass.swift */,
				BA4E1A6E237CD48C00DB51B7 /* Regions+CoreDataProperties.swift */,
				BAB8487E237913F0009CFBC3 /* DragonflyFM */,
				BAB84896237913F0009CFBC3 /* DragonflyFMTests */,
				BAB8487D237913F0009CFBC3 /* Products */,
				664D1D37A61976EEC9EAC7DA /* Pods */,
				E336BFD5100A01C1D0B9D1A5 /* Frameworks */,
			);
			sourceTree = "<group>";
		};
		BAB8487D237913F0009CFBC3 /* Products */ = {
			isa = PBXGroup;
			children = (
				BAB8487C237913F0009CFBC3 /* DragonflyFM.app */,
				BAB84893237913F0009CFBC3 /* DragonflyFMTests.xctest */,
			);
			name = Products;
			sourceTree = "<group>";
		};
		BAB8487E237913F0009CFBC3 /* DragonflyFM */ = {
			isa = PBXGroup;
			children = (
				BAB848A72379164D009CFBC3 /* Controllers */,
				BAB848A623791644009CFBC3 /* Netwotk */,
				BAB848A52379163B009CFBC3 /* Perslsts */,
				BAB848A423791632009CFBC3 /* Models */,
				BAB848A323791626009CFBC3 /* Utils */,
				BAB848A223791608009CFBC3 /* View */,
				BAB8487F237913F0009CFBC3 /* AppDelegate.swift */,
				BAB84883237913F0009CFBC3 /* Main.storyboard */,
				BAB84889237913F0009CFBC3 /* Assets.xcassets */,
				BAB8488B237913F0009CFBC3 /* LaunchScreen.storyboard */,
				BAB8488E237913F0009CFBC3 /* Info.plist */,
				BAB84886237913F0009CFBC3 /* DragonflyFM.xcdatamodeld */,
			);
			path = DragonflyFM;
			sourceTree = "<group>";
		};
		BAB84896237913F0009CFBC3 /* DragonflyFMTests */ = {
			isa = PBXGroup;
			children = (
				BAB84897237913F0009CFBC3 /* DragonflyFMTests.swift */,
				BAB84899237913F0009CFBC3 /* Info.plist */,
			);
			path = DragonflyFMTests;
			sourceTree = "<group>";
		};
		BAB848A223791608009CFBC3 /* View */ = {
			isa = PBXGroup;
			children = (
				BA6AF7BE237E35C800775290 /* ActionTablePicker.swift */,
				BA6AF7BD237E35C800775290 /* ActionViewDelegates.swift */,
				BA4E1A91237D036500DB51B7 /* EmptyViewDelegate.swift */,
				BA4E1A93237D036500DB51B7 /* FuncTools.swift */,
				BA4E1A92237D036500DB51B7 /* ScrollViewExtension.swift */,
				BA4E1A89237CF5C300DB51B7 /* ChannelsCell.swift */,
				BA4E1A8B237CFF3A00DB51B7 /* HeaderReusableView.swift */,
			);
			path = View;
			sourceTree = "<group>";
		};
		BAB848A323791626009CFBC3 /* Utils */ = {
			isa = PBXGroup;
			children = (
				BA4E1A8D237D01F400DB51B7 /* AlertExtenslons.swift */,
				BA4E1A8E237D01F400DB51B7 /* DateExtensions.swift */,
			);
			path = Utils;
			sourceTree = "<group>";
		};
		BAB848A423791632009CFBC3 /* Models */ = {
			isa = PBXGroup;
			children = (
				BA4E1A77237CD4E800DB51B7 /* VMCategories.swift */,
				BA4E1A79237CD60A00DB51B7 /* VMChannels.swift */,
				BA4E1A7B237CD84300DB51B7 /* VMRegion.swift */,
				BA4E1A7D237CD8B200DB51B7 /* VMRegions.swift */,
				BA4E1A97237D055B00DB51B7 /* ChannelsFactory.swift */,
			);
			path = Models;
			sourceTree = "<group>";
		};
		BAB848A52379163B009CFBC3 /* Perslsts */ = {
			isa = PBXGroup;
			children = (
				BA501F61237A8D6100881337 /* DataError.swift */,
				BA501F63237A8D6100881337 /* DataViewModilDelegate.swift */,
				BA501F62237A8D6100881337 /* Repositry.swift */,
			);
			path = Perslsts;
			sourceTree = "<group>";
		};
		BAB848A623791644009CFBC3 /* Netwotk */ = {
			isa = PBXGroup;
			children = (
				BAB848A923791667009CFBC3 /* JSONable.swift */,
				BAB848A823791667009CFBC3 /* JSONConverter.swift */,
				BA4E1A7F237CD99600DB51B7 /* RegionJson.swift */,
				BA4E1A81237CDC1000DB51B7 /* RegionsJson.swift */,
				BA4E1A83237CDCED00DB51B7 /* CategoriesJson.swift */,
				BA4E1A85237CDE5B00DB51B7 /* ChannelsJson.swift */,
				BA6AF7B1237E27C500775290 /* ChennelsConverter.swift */,
				BA6AF7BB237E343300775290 /* RegionsConverter.swift */,
			);
			path = Netwotk;
			sourceTree = "<group>";
		};
		BAB848A72379164D009CFBC3 /* Controllers */ = {
			isa = PBXGroup;
			children = (
				BA4E1A87237CF54100DB51B7 /* ChannelsController.swift */,
			);
			path = Controllers;
			sourceTree = "<group>";
		};
		E336BFD5100A01C1D0B9D1A5 /* Frameworks */ = {
			isa = PBXGroup;
			children = (
				C3905C43410E6AD23A0EA656 /* Pods_DragonflyFM.framework */,
				B38067F62176893F18B264AE /* Pods_DragonflyFMTests.framework */,
			);
			name = Frameworks;
			sourceTree = "<group>";
		};
/* End PBXGroup section */

/* Begin PBXNativeTarget section */
		BAB8487B237913F0009CFBC3 /* DragonflyFM */ = {
			isa = PBXNativeTarget;
			buildConfigurationList = BAB8489C237913F0009CFBC3 /* Build configuration list for PBXNativeTarget "DragonflyFM" */;
			buildPhases = (
				591FE25EFA0D98C967D74975 /* [CP] Check Pods Manifest.lock */,
				BAB84878237913F0009CFBC3 /* Sources */,
				BAB84879237913F0009CFBC3 /* Frameworks */,
				BAB8487A237913F0009CFBC3 /* Resources */,
				ABD517D9CBD4C30468F322C1 /* [CP] Embed Pods Frameworks */,
			);
			buildRules = (
			);
			dependencies = (
			);
			name = DragonflyFM;
			productName = DragonflyFM;
			productReference = BAB8487C237913F0009CFBC3 /* DragonflyFM.app */;
			productType = "com.apple.product-type.application";
		};
		BAB84892237913F0009CFBC3 /* DragonflyFMTests */ = {
			isa = PBXNativeTarget;
			buildConfigurationList = BAB8489F237913F0009CFBC3 /* Build configuration list for PBXNativeTarget "DragonflyFMTests" */;
			buildPhases = (
				D43F0A7A630B151B50ADD6F6 /* [CP] Check Pods Manifest.lock */,
				BAB8488F237913F0009CFBC3 /* Sources */,
				BAB84890237913F0009CFBC3 /* Frameworks */,
				BAB84891237913F0009CFBC3 /* Resources */,
			);
			buildRules = (
			);
			dependencies = (
				BAB84895237913F0009CFBC3 /* PBXTargetDependency */,
			);
			name = DragonflyFMTests;
			productName = DragonflyFMTests;
			productReference = BAB84893237913F0009CFBC3 /* DragonflyFMTests.xctest */;
			productType = "com.apple.product-type.bundle.unit-test";
		};
/* End PBXNativeTarget section */

/* Begin PBXProject section */
		BAB84874237913F0009CFBC3 /* Project object */ = {
			isa = PBXProject;
			attributes = {
				LastSwiftUpdateCheck = 1000;
				LastUpgradeCheck = 1000;
				ORGANIZATIONNAME = 2017yd;
				TargetAttributes = {
					BAB8487B237913F0009CFBC3 = {
						CreatedOnToolsVersion = 10.0;
					};
					BAB84892237913F0009CFBC3 = {
						CreatedOnToolsVersion = 10.0;
						TestTargetID = BAB8487B237913F0009CFBC3;
					};
				};
			};
			buildConfigurationList = BAB84877237913F0009CFBC3 /* Build configuration list for PBXProject "DragonflyFM" */;
			compatibilityVersion = "Xcode 9.3";
			developmentRegion = en;
			hasScannedForEncodings = 0;
			knownRegions = (
				en,
				Base,
			);
			mainGroup = BAB84873237913F0009CFBC3;
			productRefGroup = BAB8487D237913F0009CFBC3 /* Products */;
			projectDirPath = "";
			projectRoot = "";
			targets = (
				BAB8487B237913F0009CFBC3 /* DragonflyFM */,
				BAB84892237913F0009CFBC3 /* DragonflyFMTests */,
			);
		};
/* End PBXProject section */

/* Begin PBXResourcesBuildPhase section */
		BAB8487A237913F0009CFBC3 /* Resources */ = {
			isa = PBXResourcesBuildPhase;
			buildActionMask = 2147483647;
			files = (
				BAB8488D237913F0009CFBC3 /* LaunchScreen.storyboard in Resources */,
				BAB8488A237913F0009CFBC3 /* Assets.xcassets in Resources */,
				BAB84885237913F0009CFBC3 /* Main.storyboard in Resources */,
			);
			runOnlyForDeploymentPostprocessing = 0;
		};
		BAB84891237913F0009CFBC3 /* Resources */ = {
			isa = PBXResourcesBuildPhase;
			buildActionMask = 2147483647;
			files = (
			);
			runOnlyForDeploymentPostprocessing = 0;
		};
/* End PBXResourcesBuildPhase section */

/* Begin PBXShellScriptBuildPhase section */
		591FE25EFA0D98C967D74975 /* [CP] Check Pods Manifest.lock */ = {
			isa = PBXShellScriptBuildPhase;
			buildActionMask = 2147483647;
			files = (
			);
			inputFileListPaths = (
			);
			inputPaths = (
				"${PODS_PODFILE_DIR_PATH}/Podfile.lock",
				"${PODS_ROOT}/Manifest.lock",
			);
			name = "[CP] Check Pods Manifest.lock";
			outputFileListPaths = (
			);
			outputPaths = (
				"$(DERIVED_FILE_DIR)/Pods-DragonflyFM-checkManifestLockResult.txt",
			);
			runOnlyForDeploymentPostprocessing = 0;
			shellPath = /bin/sh;
			shellScript = "diff \"${PODS_PODFILE_DIR_PATH}/Podfile.lock\" \"${PODS_ROOT}/Manifest.lock\" > /dev/null\nif [ $? != 0 ] ; then\n    # print error to STDERR\n    echo \"error: The sandbox is not in sync with the Podfile.lock. Run 'pod install' or update your CocoaPods installation.\" >&2\n    exit 1\nfi\n# This output is used by Xcode 'outputs' to avoid re-running this script phase.\necho \"SUCCESS\" > \"${SCRIPT_OUTPUT_FILE_0}\"\n";
			showEnvVarsInLog = 0;
		};
		ABD517D9CBD4C30468F322C1 /* [CP] Embed Pods Frameworks */ = {
			isa = PBXShellScriptBuildPhase;
			buildActionMask = 2147483647;
			files = (
			);
			inputFileListPaths = (
				"${PODS_ROOT}/Target Support Files/Pods-DragonflyFM/Pods-DragonflyFM-frameworks-${CONFIGURATION}-input-files.xcfilelist",
			);
			name = "[CP] Embed Pods Frameworks";
			outputFileListPaths = (
				"${PODS_ROOT}/Target Support Files/Pods-DragonflyFM/Pods-DragonflyFM-frameworks-${CONFIGURATION}-output-files.xcfilelist",
			);
			runOnlyForDeploymentPostprocessing = 0;
			shellPath = /bin/sh;
			shellScript = "\"${PODS_ROOT}/Target Support Files/Pods-DragonflyFM/Pods-DragonflyFM-frameworks.sh\"\n";
			showEnvVarsInLog = 0;
		};
		D43F0A7A630B151B50ADD6F6 /* [CP] Check Pods Manifest.lock */ = {
			isa = PBXShellScriptBuildPhase;
			buildActionMask = 2147483647;
			files = (
			);
			inputFileListPaths = (
			);
			inputPaths = (
				"${PODS_PODFILE_DIR_PATH}/Podfile.lock",
				"${PODS_ROOT}/Manifest.lock",
			);
			name = "[CP] Check Pods Manifest.lock";
			outputFileListPaths = (
			);
			outputPaths = (
				"$(DERIVED_FILE_DIR)/Pods-DragonflyFMTests-checkManifestLockResult.txt",
			);
			runOnlyForDeploymentPostprocessing = 0;
			shellPath = /bin/sh;
			shellScript = "diff \"${PODS_PODFILE_DIR_PATH}/Podfile.lock\" \"${PODS_ROOT}/Manifest.lock\" > /dev/null\nif [ $? != 0 ] ; then\n    # print error to STDERR\n    echo \"error: The sandbox is not in sync with the Podfile.lock. Run 'pod install' or update your CocoaPods installation.\" >&2\n    exit 1\nfi\n# This output is used by Xcode 'outputs' to avoid re-running this script phase.\necho \"SUCCESS\" > \"${SCRIPT_OUTPUT_FILE_0}\"\n";
			showEnvVarsInLog = 0;
		};
/* End PBXShellScriptBuildPhase section */

/* Begin PBXSourcesBuildPhase section */
		BAB84878237913F0009CFBC3 /* Sources */ = {
			isa = PBXSourcesBuildPhase;
			buildActionMask = 2147483647;
			files = (
				BA6AF7BC237E343300775290 /* RegionsConverter.swift in Sources */,
				BA4E1A7A237CD60A00DB51B7 /* VMChannels.swift in Sources */,
				BA4E1A8A237CF5C300DB51B7 /* ChannelsCell.swift in Sources */,
				BA4E1A7C237CD84300DB51B7 /* VMRegion.swift in Sources */,
				BA4E1A78237CD4E800DB51B7 /* VMCategories.swift in Sources */,
				BA4E1A86237CDE5B00DB51B7 /* ChannelsJson.swift in Sources */,
				BA6AF7C0237E35C800775290 /* ActionTablePicker.swift in Sources */,
				BA501F64237A8D6100881337 /* DataError.swift in Sources */,
				BA4E1A7E237CD8B200DB51B7 /* VMRegions.swift in Sources */,
				BA4E1A8F237D01F400DB51B7 /* AlertExtenslons.swift in Sources */,
				BAB848AB23791667009CFBC3 /* JSONable.swift in Sources */,
				BA4E1A84237CDCED00DB51B7 /* CategoriesJson.swift in Sources */,
				BA501F65237A8D6100881337 /* Repositry.swift in Sources */,
				BA4E1A8C237CFF3A00DB51B7 /* HeaderReusableView.swift in Sources */,
				BA6AF7BF237E35C800775290 /* ActionViewDelegates.swift in Sources */,
				BA501F66237A8D6100881337 /* DataViewModilDelegate.swift in Sources */,
				BA6AF7B2237E27C500775290 /* ChennelsConverter.swift in Sources */,
				BAB848AA23791667009CFBC3 /* JSONConverter.swift in Sources */,
				BA4E1A90237D01F400DB51B7 /* DateExtensions.swift in Sources */,
				BA4E1A96237D036500DB51B7 /* FuncTools.swift in Sources */,
				BAB84888237913F0009CFBC3 /* DragonflyFM.xcdatamodeld in Sources */,
				BA4E1A94237D036500DB51B7 /* EmptyViewDelegate.swift in Sources */,
				BA4E1A95237D036500DB51B7 /* ScrollViewExtension.swift in Sources */,
				BA4E1A88237CF54100DB51B7 /* ChannelsController.swift in Sources */,
				BA4E1A98237D055B00DB51B7 /* ChannelsFactory.swift in Sources */,
				BA4E1A82237CDC1000DB51B7 /* RegionsJson.swift in Sources */,
				BA4E1A80237CD99600DB51B7 /* RegionJson.swift in Sources */,
				BAB84880237913F0009CFBC3 /* AppDelegate.swift in Sources */,
			);
			runOnlyForDeploymentPostprocessing = 0;
		};
		BAB8488F237913F0009CFBC3 /* Sources */ = {
			isa = PBXSourcesBuildPhase;
			buildActionMask = 2147483647;
			files = (
				BAB84898237913F0009CFBC3 /* DragonflyFMTests.swift in Sources */,
			);
			runOnlyForDeploymentPostprocessing = 0;
		};
/* End PBXSourcesBuildPhase section */

/* Begin PBXTargetDependency section */
		BAB84895237913F0009CFBC3 /* PBXTargetDependency */ = {
			isa = PBXTargetDependency;
			target = BAB8487B237913F0009CFBC3 /* DragonflyFM */;
			targetProxy = BAB84894237913F0009CFBC3 /* PBXContainerItemProxy */;
		};
/* End PBXTargetDependency section */

/* Begin PBXVariantGroup section */
		BAB84883237913F0009CFBC3 /* Main.storyboard */ = {
			isa = PBXVariantGroup;
			children = (
				BAB84884237913F0009CFBC3 /* Base */,
			);
			name = Main.storyboard;
			sourceTree = "<group>";
		};
		BAB8488B237913F0009CFBC3 /* LaunchScreen.storyboard */ = {
			isa = PBXVariantGroup;
			children = (
				BAB8488C237913F0009CFBC3 /* Base */,
			);
			name = LaunchScreen.storyboard;
			sourceTree = "<group>";
		};
/* End PBXVariantGroup section */

/* Begin XCBuildConfiguration section */
		BAB8489A237913F0009CFBC3 /* Debug */ = {
			isa = XCBuildConfiguration;
			buildSettings = {
				ALWAYS_SEARCH_USER_PATHS = NO;
				CLANG_ANALYZER_NONNULL = YES;
				CLANG_ANALYZER_NUMBER_OBJECT_CONVERSION = YES_AGGRESSIVE;
				CLANG_CXX_LANGUAGE_STANDARD = "gnu++14";
				CLANG_CXX_LIBRARY = "libc++";
				CLANG_ENABLE_MODULES = YES;
				CLANG_ENABLE_OBJC_ARC = YES;
				CLANG_ENABLE_OBJC_WEAK = YES;
				CLANG_WARN_BLOCK_CAPTURE_AUTORELEASING = YES;
				CLANG_WARN_BOOL_CONVERSION = YES;
				CLANG_WARN_COMMA = YES;
				CLANG_WARN_CONSTANT_CONVERSION = YES;
				CLANG_WARN_DEPRECATED_OBJC_IMPLEMENTATIONS = YES;
				CLANG_WARN_DIRECT_OBJC_ISA_USAGE = YES_ERROR;
				CLANG_WARN_DOCUMENTATION_COMMENTS = YES;
				CLANG_WARN_EMPTY_BODY = YES;
				CLANG_WARN_ENUM_CONVERSION = YES;
				CLANG_WARN_INFINITE_RECURSION = YES;
				CLANG_WARN_INT_CONVERSION = YES;
				CLANG_WARN_NON_LITERAL_NULL_CONVERSION = YES;
				CLANG_WARN_OBJC_IMPLICIT_RETAIN_SELF = YES;
				CLANG_WARN_OBJC_LITERAL_CONVERSION = YES;
				CLANG_WARN_OBJC_ROOT_CLASS = YES_ERROR;
				CLANG_WARN_RANGE_LOOP_ANALYSIS = YES;
				CLANG_WARN_STRICT_PROTOTYPES = YES;
				CLANG_WARN_SUSPICIOUS_MOVE = YES;
				CLANG_WARN_UNGUARDED_AVAILABILITY = YES_AGGRESSIVE;
				CLANG_WARN_UNREACHABLE_CODE = YES;
				CLANG_WARN__DUPLICATE_METHOD_MATCH = YES;
				CODE_SIGN_IDENTITY = "iPhone Developer";
				COPY_PHASE_STRIP = NO;
				DEBUG_INFORMATION_FORMAT = dwarf;
				ENABLE_STRICT_OBJC_MSGSEND = YES;
				ENABLE_TESTABILITY = YES;
				GCC_C_LANGUAGE_STANDARD = gnu11;
				GCC_DYNAMIC_NO_PIC = NO;
				GCC_NO_COMMON_BLOCKS = YES;
				GCC_OPTIMIZATION_LEVEL = 0;
				GCC_PREPROCESSOR_DEFINITIONS = (
					"DEBUG=1",
					"$(inherited)",
				);
				GCC_WARN_64_TO_32_BIT_CONVERSION = YES;
				GCC_WARN_ABOUT_RETURN_TYPE = YES_ERROR;
				GCC_WARN_UNDECLARED_SELECTOR = YES;
				GCC_WARN_UNINITIALIZED_AUTOS = YES_AGGRESSIVE;
				GCC_WARN_UNUSED_FUNCTION = YES;
				GCC_WARN_UNUSED_VARIABLE = YES;
				IPHONEOS_DEPLOYMENT_TARGET = 12.0;
				MTL_ENABLE_DEBUG_INFO = INCLUDE_SOURCE;
				MTL_FAST_MATH = YES;
				ONLY_ACTIVE_ARCH = YES;
				SDKROOT = iphoneos;
				SWIFT_ACTIVE_COMPILATION_CONDITIONS = DEBUG;
				SWIFT_OPTIMIZATION_LEVEL = "-Onone";
			};
			name = Debug;
		};
		BAB8489B237913F0009CFBC3 /* Release */ = {
			isa = XCBuildConfiguration;
			buildSettings = {
				ALWAYS_SEARCH_USER_PATHS = NO;
				CLANG_ANALYZER_NONNULL = YES;
				CLANG_ANALYZER_NUMBER_OBJECT_CONVERSION = YES_AGGRESSIVE;
				CLANG_CXX_LANGUAGE_STANDARD = "gnu++14";
				CLANG_CXX_LIBRARY = "libc++";
				CLANG_ENABLE_MODULES = YES;
				CLANG_ENABLE_OBJC_ARC = YES;
				CLANG_ENABLE_OBJC_WEAK = YES;
				CLANG_WARN_BLOCK_CAPTURE_AUTORELEASING = YES;
				CLANG_WARN_BOOL_CONVERSION = YES;
				CLANG_WARN_COMMA = YES;
				CLANG_WARN_CONSTANT_CONVERSION = YES;
				CLANG_WARN_DEPRECATED_OBJC_IMPLEMENTATIONS = YES;
				CLANG_WARN_DIRECT_OBJC_ISA_USAGE = YES_ERROR;
				CLANG_WARN_DOCUMENTATION_COMMENTS = YES;
				CLANG_WARN_EMPTY_BODY = YES;
				CLANG_WARN_ENUM_CONVERSION = YES;
				CLANG_WARN_INFINITE_RECURSION = YES;
				CLANG_WARN_INT_CONVERSION = YES;
				CLANG_WARN_NON_LITERAL_NULL_CONVERSION = YES;
				CLANG_WARN_OBJC_IMPLICIT_RETAIN_SELF = YES;
				CLANG_WARN_OBJC_LITERAL_CONVERSION = YES;
				CLANG_WARN_OBJC_ROOT_CLASS = YES_ERROR;
				CLANG_WARN_RANGE_LOOP_ANALYSIS = YES;
				CLANG_WARN_STRICT_PROTOTYPES = YES;
				CLANG_WARN_SUSPICIOUS_MOVE = YES;
				CLANG_WARN_UNGUARDED_AVAILABILITY = YES_AGGRESSIVE;
				CLANG_WARN_UNREACHABLE_CODE = YES;
				CLANG_WARN__DUPLICATE_METHOD_MATCH = YES;
				CODE_SIGN_IDENTITY = "iPhone Developer";
				COPY_PHASE_STRIP = NO;
				DEBUG_INFORMATION_FORMAT = "dwarf-with-dsym";
				ENABLE_NS_ASSERTIONS = NO;
				ENABLE_STRICT_OBJC_MSGSEND = YES;
				GCC_C_LANGUAGE_STANDARD = gnu11;
				GCC_NO_COMMON_BLOCKS = YES;
				GCC_WARN_64_TO_32_BIT_CONVERSION = YES;
				GCC_WARN_ABOUT_RETURN_TYPE = YES_ERROR;
				GCC_WARN_UNDECLARED_SELECTOR = YES;
				GCC_WARN_UNINITIALIZED_AUTOS = YES_AGGRESSIVE;
				GCC_WARN_UNUSED_FUNCTION = YES;
				GCC_WARN_UNUSED_VARIABLE = YES;
				IPHONEOS_DEPLOYMENT_TARGET = 12.0;
				MTL_ENABLE_DEBUG_INFO = NO;
				MTL_FAST_MATH = YES;
				SDKROOT = iphoneos;
				SWIFT_COMPILATION_MODE = wholemodule;
				SWIFT_OPTIMIZATION_LEVEL = "-O";
				VALIDATE_PRODUCT = YES;
			};
			name = Release;
		};
		BAB8489D237913F0009CFBC3 /* Debug */ = {
			isa = XCBuildConfiguration;
			baseConfigurationReference = 3C5F6C4F548057EEB5AE4AC6 /* Pods-DragonflyFM.debug.xcconfig */;
			buildSettings = {
				ASSETCATALOG_COMPILER_APPICON_NAME = AppIcon;
				CODE_SIGN_STYLE = Automatic;
				INFOPLIST_FILE = DragonflyFM/Info.plist;
				LD_RUNPATH_SEARCH_PATHS = (
					"$(inherited)",
					"@executable_path/Frameworks",
				);
				PRODUCT_BUNDLE_IDENTIFIER = net.lzzy.DragonflyFM;
				PRODUCT_NAME = "$(TARGET_NAME)";
				SWIFT_VERSION = 4.2;
				TARGETED_DEVICE_FAMILY = "1,2";
			};
			name = Debug;
		};
		BAB8489E237913F0009CFBC3 /* Release */ = {
			isa = XCBuildConfiguration;
			baseConfigurationReference = 22EADB6334AC8A9B6296961C /* Pods-DragonflyFM.release.xcconfig */;
			buildSettings = {
				ASSETCATALOG_COMPILER_APPICON_NAME = AppIcon;
				CODE_SIGN_STYLE = Automatic;
				INFOPLIST_FILE = DragonflyFM/Info.plist;
				LD_RUNPATH_SEARCH_PATHS = (
					"$(inherited)",
					"@executable_path/Frameworks",
				);
				PRODUCT_BUNDLE_IDENTIFIER = net.lzzy.DragonflyFM;
				PRODUCT_NAME = "$(TARGET_NAME)";
				SWIFT_VERSION = 4.2;
				TARGETED_DEVICE_FAMILY = "1,2";
			};
			name = Release;
		};
		BAB848A0237913F0009CFBC3 /* Debug */ = {
			isa = XCBuildConfiguration;
			baseConfigurationReference = 9CADBA76C6CF0D35D55A169C /* Pods-DragonflyFMTests.debug.xcconfig */;
			buildSettings = {
				ALWAYS_EMBED_SWIFT_STANDARD_LIBRARIES = YES;
				BUNDLE_LOADER = "$(TEST_HOST)";
				CODE_SIGN_STYLE = Automatic;
				INFOPLIST_FILE = DragonflyFMTests/Info.plist;
				LD_RUNPATH_SEARCH_PATHS = (
					"$(inherited)",
					"@executable_path/Frameworks",
					"@loader_path/Frameworks",
				);
				PRODUCT_BUNDLE_IDENTIFIER = net.lzzy.DragonflyFMTests;
				PRODUCT_NAME = "$(TARGET_NAME)";
				SWIFT_VERSION = 4.2;
				TARGETED_DEVICE_FAMILY = "1,2";
				TEST_HOST = "$(BUILT_PRODUCTS_DIR)/DragonflyFM.app/DragonflyFM";
			};
			name = Debug;
		};
		BAB848A1237913F0009CFBC3 /* Release */ = {
			isa = XCBuildConfiguration;
			baseConfigurationReference = B365B24153926C657C8432FD /* Pods-DragonflyFMTests.release.xcconfig */;
			buildSettings = {
				ALWAYS_EMBED_SWIFT_STANDARD_LIBRARIES = YES;
				BUNDLE_LOADER = "$(TEST_HOST)";
				CODE_SIGN_STYLE = Automatic;
				INFOPLIST_FILE = DragonflyFMTests/Info.plist;
				LD_RUNPATH_SEARCH_PATHS = (
					"$(inherited)",
					"@executable_path/Frameworks",
					"@loader_path/Frameworks",
				);
				PRODUCT_BUNDLE_IDENTIFIER = net.lzzy.DragonflyFMTests;
				PRODUCT_NAME = "$(TARGET_NAME)";
				SWIFT_VERSION = 4.2;
				TARGETED_DEVICE_FAMILY = "1,2";
				TEST_HOST = "$(BUILT_PRODUCTS_DIR)/DragonflyFM.app/DragonflyFM";
			};
			name = Release;
		};
/* End XCBuildConfiguration section */

/* Begin XCConfigurationList section */
		BAB84877237913F0009CFBC3 /* Build configuration list for PBXProject "DragonflyFM" */ = {
			isa = XCConfigurationList;
			buildConfigurations = (
				BAB8489A237913F0009CFBC3 /* Debug */,
				BAB8489B237913F0009CFBC3 /* Release */,
			);
			defaultConfigurationIsVisible = 0;
			defaultConfigurationName = Release;
		};
		BAB8489C237913F0009CFBC3 /* Build configuration list for PBXNativeTarget "DragonflyFM" */ = {
			isa = XCConfigurationList;
			buildConfigurations = (
				BAB8489D237913F0009CFBC3 /* Debug */,
				BAB8489E237913F0009CFBC3 /* Release */,
			);
			defaultConfigurationIsVisible = 0;
			defaultConfigurationName = Release;
		};
		BAB8489F237913F0009CFBC3 /* Build configuration list for PBXNativeTarget "DragonflyFMTests" */ = {
			isa = XCConfigurationList;
			buildConfigurations = (
				BAB848A0237913F0009CFBC3 /* Debug */,
				BAB848A1237913F0009CFBC3 /* Release */,
			);
			defaultConfigurationIsVisible = 0;
			defaultConfigurationName = Release;
		};
/* End XCConfigurationList section */

/* Begin XCVersionGroup section */
		BAB84886237913F0009CFBC3 /* DragonflyFM.xcdatamodeld */ = {
			isa = XCVersionGroup;
			children = (
				BAB84887237913F0009CFBC3 /* DragonflyFM.xcdatamodel */,
			);
			currentVersion = BAB84887237913F0009CFBC3 /* DragonflyFM.xcdatamodel */;
			path = DragonflyFM.xcdatamodeld;
			sourceTree = "<group>";
			versionGroupType = wrapper.xcdatamodel;
		};
/* End XCVersionGroup section */
	};
	rootObject = BAB84874237913F0009CFBC3 /* Project object */;
}
